{
    "_meta": {
        "hash": {
            "sha256": "97d5b7667d1b3a4b813237f9d85a973438e10ebafe3581ffe661428149bd6ab2"
        },
        "pipfile-spec": 6,
        "requires": {
            "python_full_version": ">= 3.11.6",
            "python_version": "3.11"
        },
        "sources": [
            {
                "name": "pypi",
                "url": "https://pypi.org/simple",
                "verify_ssl": true
            }
        ]
    },
    "default": {
        "pandoc": {
            "hashes": [
                "sha256:2dfb17bc05469076c97c1db4c08a8520a3f76b086e26e32d01fe4e408af2ae87",
                "sha256:c04dafd3d8f1ff733448a48db8329aeb15f5febb10dc33fc28ed8dad7bfd1eab"
            ],
            "index": "pypi",
            "version": "==2.4b0"
        },
        "plumbum": {
            "hashes": [
                "sha256:3ad9e5f56c6ec98f6f7988f7ea8b52159662ea9e915868d369dbccbfca0e367e",
                "sha256:9e6dc032f4af952665f32f3206567bc23b7858b1413611afe603a3f8ad9bfd75"
            ],
            "markers": "python_version >= '3.6'",
            "version": "==1.8.2"
        },
        "ply": {
            "hashes": [
                "sha256:00c7c1aaa88358b9c765b6d3000c6eec0ba42abca5351b095321aef446081da3",
                "sha256:096f9b8350b65ebd2fd1346b12452efe5b9607f7482813ffca50c22722a807ce"
            ],
            "version": "==3.11"
        },
        "unidecode": {
            "hashes": [
                "sha256:cfdb349d46ed3873ece4586b96aa75258726e2fa8ec21d6f00a591d98806c2f4",
                "sha256:d130a61ce6696f8148a3bd8fe779c99adeb4b870584eeb9526584e9aa091fd39"
            ],
            "index": "pypi",
            "markers": "python_version >= '3.5'",
            "version": "==1.3.8"
        }
    },
    "develop": {}
}
